
Microsoft Visual Studio Solution File, Format Version 12.00
# Visual Studio 15
VisualStudioVersion = 15.0.28307.168
MinimumVisualStudioVersion = 10.0.40219.1
Project("{FAE04EC0-301F-11D3-BF4B-00C04F79EFBC}") = "WebApplication1", "WebApplication1\WebApplication1.csproj", "{2789597C-3BFB-4F49-9C1E-6D3D718BF783}"
EndProject
Global
	GlobalSection(SolutionConfigurationPlatforms) = preSolution
		Debug|Any CPU = Debug|Any CPU
		Release|Any CPU = Release|Any CPU
	EndGlobalSection
	GlobalSection(ProjectConfigurationPlatforms) = postSolution
		{2789597C-3BFB-4F49-9C1E-6D3D718BF783}.Debug|Any CPU.ActiveCfg = Debug|Any CPU
		{2789597C-3BFB-4F49-9C1E-6D3D718BF783}.Debug|Any CPU.Build.0 = Debug|Any CPU
		{2789597C-3BFB-4F49-9C1E-6D3D718BF783}.Release|Any CPU.ActiveCfg = Release|Any CPU
		{2789597C-3BFB-4F49-9C1E-6D3D718BF783}.Release|Any CPU.Build.0 = Release|Any CPU
	EndGlobalSection
	GlobalSection(SolutionProperties) = preSolution
		HideSolutionNode = FALSE
	EndGlobalSection
	GlobalSection(ExtensibilityGlobals) = postSolution
		SolutionGuid = {BCF89555-8C0E-4C0C-BAE4-5F27B46A56B1}
	EndGlobalSection
EndGlobal
